
Microsoft Visual Studio Solution File, Format Version 12.00
# Visual Studio Version 17
VisualStudioVersion = 17.14.36203.30
MinimumVisualStudioVersion = 10.0.40219.1
Project("{2150E333-8FDC-42A3-9474-1A3956D46DE8}") = "1. InterfazUsuario", "1. InterfazUsuario", "{02EA681E-C7D8-13C7-8484-4AC65E1B71E8}"
EndProject
Project("{2150E333-8FDC-42A3-9474-1A3956D46DE8}") = "2. Aplicacion", "2. Aplicacion", "{E2C27EEB-BE52-4CCF-BDF7-B347533D3572}"
EndProject
Project("{2150E333-8FDC-42A3-9474-1A3956D46DE8}") = "3. Dominio", "3. Dominio", "{C948F3C7-5A26-4780-888C-122DA644A1B6}"
EndProject
Project("{2150E333-8FDC-42A3-9474-1A3956D46DE8}") = "4. Infraestructura", "4. Infraestructura", "{408B5238-ECD3-4E33-AA66-13EFFE3577CB}"
EndProject
Project("{2150E333-8FDC-42A3-9474-1A3956D46DE8}") = "5. Test", "5. Test", "{4414E1F8-E947-4620-B685-EBA6E8924FC0}"
EndProject
Project("{FAE04EC0-301F-11D3-BF4B-00C04F79EFBC}") = "MariaCarmen", "MariaCarmen\MariaCarmen.csproj", "{637D6D7C-626B-497D-A312-6BC04C489581}"
EndProject
Project("{FAE04EC0-301F-11D3-BF4B-00C04F79EFBC}") = "MariaCarmen.Aplicacion", "MariaCarmen.Aplicacion\MariaCarmen.Aplicacion.csproj", "{7F4C5B4D-C9E9-404F-BD3C-113A9DDD1E5E}"
EndProject
Project("{FAE04EC0-301F-11D3-BF4B-00C04F79EFBC}") = "MariaCarmen.Aplicacion.DTO", "MariaCarmen.Aplicacion.DTO\MariaCarmen.Aplicacion.DTO.csproj", "{E6F6DFD0-A596-453A-B3C3-BB1FB7638491}"
EndProject
Project("{FAE04EC0-301F-11D3-BF4B-00C04F79EFBC}") = "MariaCarmen.Dominio.Modelos", "MariaCarmen.Dominio.Modelos\MariaCarmen.Dominio.Modelos.csproj", "{06DFF8D1-FBE0-4BDE-822F-3E207D6AF238}"
EndProject
Project("{FAE04EC0-301F-11D3-BF4B-00C04F79EFBC}") = "MariaCarmen.Dominio.Servicios", "MariaCarmen.Dominio.Servicios\MariaCarmen.Dominio.Servicios.csproj", "{D6A174E9-764E-426E-B9FE-31A8C04A5DD2}"
EndProject
Project("{FAE04EC0-301F-11D3-BF4B-00C04F79EFBC}") = "MariaCarmen.Infraestructura.AccesoDatos", "MariaCarmen.Infraestructura.AccesoDatos\MariaCarmen.Infraestructura.AccesoDatos.csproj", "{B2896D48-B2F1-46A9-9A6F-7D4AA87320D7}"
EndProject
Project("{FAE04EC0-301F-11D3-BF4B-00C04F79EFBC}") = "MariaCarmen.Infraestructura.CrossCuting", "MariaCarmen.Infraestructura.CrossCuting\MariaCarmen.Infraestructura.CrossCuting.csproj", "{CF3B93D1-D96C-4A3B-9212-F03A9D0C8726}"
EndProject
Project("{FAE04EC0-301F-11D3-BF4B-00C04F79EFBC}") = "MariaCarmen.Infraestructura.ServiciosEmail", "MariaCarmen.Infraestructura.ServiciosEmail\MariaCarmen.Infraestructura.ServiciosEmail.csproj", "{97C726AF-3B05-495A-B712-08A5072429A7}"
EndProject
Project("{FAE04EC0-301F-11D3-BF4B-00C04F79EFBC}") = "MariaCarmen.Infraestructura.ServicioExterno", "MariaCarmen.Infraestructura.ServicioExterno\MariaCarmen.Infraestructura.ServicioExterno.csproj", "{E67E14DD-0BE0-4635-B328-04B2E31B9FAE}"
EndProject
Project("{FAE04EC0-301F-11D3-BF4B-00C04F79EFBC}") = "TestCategoria", "Test1\TestCategoria.csproj", "{3105DB76-2B9B-40F8-9B61-EAD4EBBAE673}"
EndProject
Project("{FAE04EC0-301F-11D3-BF4B-00C04F79EFBC}") = "TestRoles", "TestRoles\TestRoles.csproj", "{D731BD63-FB9A-4A7B-8F30-DC84D05C7F5E}"
EndProject
Project("{FAE04EC0-301F-11D3-BF4B-00C04F79EFBC}") = "ConsultaCompuesta1", "Consulta1Simple\ConsultaCompuesta1.csproj", "{735EA127-7713-47D0-81C0-3BA99B1A4CEF}"
EndProject
Project("{FAE04EC0-301F-11D3-BF4B-00C04F79EFBC}") = "ConsultaCompuesta2", "ConsultaSimple1\ConsultaCompuesta2.csproj", "{F9295AD6-156F-4359-A16D-DBD4AB9D34CD}"
EndProject
Project("{FAE04EC0-301F-11D3-BF4B-00C04F79EFBC}") = "ConsultaCompuesta3", "ConsultaCompuesta3\ConsultaCompuesta3.csproj", "{5E0D7B3D-1E91-4F7E-ADA9-B519B78DA6C0}"
EndProject
Project("{FAE04EC0-301F-11D3-BF4B-00C04F79EFBC}") = "ConsultaCompuesta4", "ConsultaCompuesta4\ConsultaCompuesta4.csproj", "{1FEA107F-F13B-45C3-BDD8-DFAA752E2892}"
EndProject
Project("{FAE04EC0-301F-11D3-BF4B-00C04F79EFBC}") = "ConsultaCompuesta5", "ConsultaCompuesta5\ConsultaCompuesta5.csproj", "{87AACA89-98BE-41F6-91D0-438C729AE752}"
EndProject
Project("{FAE04EC0-301F-11D3-BF4B-00C04F79EFBC}") = "ConsultaCompuesta6", "ConsultaCompuesta6\ConsultaCompuesta6.csproj", "{EF2D72C6-5C53-4C14-8A7F-FCB64C800A04}"
EndProject
Project("{FAE04EC0-301F-11D3-BF4B-00C04F79EFBC}") = "ConsultaCompuesta7", "ConsultaCompuesta7\ConsultaCompuesta7.csproj", "{2B47A039-EE07-4580-BEEE-409B40B48908}"
EndProject
Project("{FAE04EC0-301F-11D3-BF4B-00C04F79EFBC}") = "ConsultaSimple", "ConsultaSimple\ConsultaSimple.csproj", "{F139BBA0-3664-4E53-97DF-1210010907B1}"
EndProject
Project("{FAE04EC0-301F-11D3-BF4B-00C04F79EFBC}") = "ConsultaSimple2", "ConsultaSimple2\ConsultaSimple2.csproj", "{1C487AF6-BBDE-4CB8-9A70-F243A87F453F}"
EndProject
Project("{FAE04EC0-301F-11D3-BF4B-00C04F79EFBC}") = "ConsultaSimple3", "ConsultaSimple3\ConsultaSimple3.csproj", "{07864FB8-B474-41D3-B045-E7DCE55FEC16}"
EndProject
Global
	GlobalSection(SolutionConfigurationPlatforms) = preSolution
		Debug|Any CPU = Debug|Any CPU
		Release|Any CPU = Release|Any CPU
	EndGlobalSection
	GlobalSection(ProjectConfigurationPlatforms) = postSolution
		{637D6D7C-626B-497D-A312-6BC04C489581}.Debug|Any CPU.ActiveCfg = Debug|Any CPU
		{637D6D7C-626B-497D-A312-6BC04C489581}.Debug|Any CPU.Build.0 = Debug|Any CPU
		{637D6D7C-626B-497D-A312-6BC04C489581}.Release|Any CPU.ActiveCfg = Release|Any CPU
		{637D6D7C-626B-497D-A312-6BC04C489581}.Release|Any CPU.Build.0 = Release|Any CPU
		{7F4C5B4D-C9E9-404F-BD3C-113A9DDD1E5E}.Debug|Any CPU.ActiveCfg = Debug|Any CPU
		{7F4C5B4D-C9E9-404F-BD3C-113A9DDD1E5E}.Debug|Any CPU.Build.0 = Debug|Any CPU
		{7F4C5B4D-C9E9-404F-BD3C-113A9DDD1E5E}.Release|Any CPU.ActiveCfg = Release|Any CPU
		{7F4C5B4D-C9E9-404F-BD3C-113A9DDD1E5E}.Release|Any CPU.Build.0 = Release|Any CPU
		{E6F6DFD0-A596-453A-B3C3-BB1FB7638491}.Debug|Any CPU.ActiveCfg = Debug|Any CPU
		{E6F6DFD0-A596-453A-B3C3-BB1FB7638491}.Debug|Any CPU.Build.0 = Debug|Any CPU
		{E6F6DFD0-A596-453A-B3C3-BB1FB7638491}.Release|Any CPU.ActiveCfg = Release|Any CPU
		{E6F6DFD0-A596-453A-B3C3-BB1FB7638491}.Release|Any CPU.Build.0 = Release|Any CPU
		{06DFF8D1-FBE0-4BDE-822F-3E207D6AF238}.Debug|Any CPU.ActiveCfg = Debug|Any CPU
		{06DFF8D1-FBE0-4BDE-822F-3E207D6AF238}.Debug|Any CPU.Build.0 = Debug|Any CPU
		{06DFF8D1-FBE0-4BDE-822F-3E207D6AF238}.Release|Any CPU.ActiveCfg = Release|Any CPU
		{06DFF8D1-FBE0-4BDE-822F-3E207D6AF238}.Release|Any CPU.Build.0 = Release|Any CPU
		{D6A174E9-764E-426E-B9FE-31A8C04A5DD2}.Debug|Any CPU.ActiveCfg = Debug|Any CPU
		{D6A174E9-764E-426E-B9FE-31A8C04A5DD2}.Debug|Any CPU.Build.0 = Debug|Any CPU
		{D6A174E9-764E-426E-B9FE-31A8C04A5DD2}.Release|Any CPU.ActiveCfg = Release|Any CPU
		{D6A174E9-764E-426E-B9FE-31A8C04A5DD2}.Release|Any CPU.Build.0 = Release|Any CPU
		{B2896D48-B2F1-46A9-9A6F-7D4AA87320D7}.Debug|Any CPU.ActiveCfg = Debug|Any CPU
		{B2896D48-B2F1-46A9-9A6F-7D4AA87320D7}.Debug|Any CPU.Build.0 = Debug|Any CPU
		{B2896D48-B2F1-46A9-9A6F-7D4AA87320D7}.Release|Any CPU.ActiveCfg = Release|Any CPU
		{B2896D48-B2F1-46A9-9A6F-7D4AA87320D7}.Release|Any CPU.Build.0 = Release|Any CPU
		{CF3B93D1-D96C-4A3B-9212-F03A9D0C8726}.Debug|Any CPU.ActiveCfg = Debug|Any CPU
		{CF3B93D1-D96C-4A3B-9212-F03A9D0C8726}.Debug|Any CPU.Build.0 = Debug|Any CPU
		{CF3B93D1-D96C-4A3B-9212-F03A9D0C8726}.Release|Any CPU.ActiveCfg = Release|Any CPU
		{CF3B93D1-D96C-4A3B-9212-F03A9D0C8726}.Release|Any CPU.Build.0 = Release|Any CPU
		{97C726AF-3B05-495A-B712-08A5072429A7}.Debug|Any CPU.ActiveCfg = Debug|Any CPU
		{97C726AF-3B05-495A-B712-08A5072429A7}.Debug|Any CPU.Build.0 = Debug|Any CPU
		{97C726AF-3B05-495A-B712-08A5072429A7}.Release|Any CPU.ActiveCfg = Release|Any CPU
		{97C726AF-3B05-495A-B712-08A5072429A7}.Release|Any CPU.Build.0 = Release|Any CPU
		{E67E14DD-0BE0-4635-B328-04B2E31B9FAE}.Debug|Any CPU.ActiveCfg = Debug|Any CPU
		{E67E14DD-0BE0-4635-B328-04B2E31B9FAE}.Debug|Any CPU.Build.0 = Debug|Any CPU
		{E67E14DD-0BE0-4635-B328-04B2E31B9FAE}.Release|Any CPU.ActiveCfg = Release|Any CPU
		{E67E14DD-0BE0-4635-B328-04B2E31B9FAE}.Release|Any CPU.Build.0 = Release|Any CPU
		{3105DB76-2B9B-40F8-9B61-EAD4EBBAE673}.Debug|Any CPU.ActiveCfg = Debug|Any CPU
		{3105DB76-2B9B-40F8-9B61-EAD4EBBAE673}.Debug|Any CPU.Build.0 = Debug|Any CPU
		{3105DB76-2B9B-40F8-9B61-EAD4EBBAE673}.Release|Any CPU.ActiveCfg = Release|Any CPU
		{3105DB76-2B9B-40F8-9B61-EAD4EBBAE673}.Release|Any CPU.Build.0 = Release|Any CPU
		{D731BD63-FB9A-4A7B-8F30-DC84D05C7F5E}.Debug|Any CPU.ActiveCfg = Debug|Any CPU
		{D731BD63-FB9A-4A7B-8F30-DC84D05C7F5E}.Debug|Any CPU.Build.0 = Debug|Any CPU
		{D731BD63-FB9A-4A7B-8F30-DC84D05C7F5E}.Release|Any CPU.ActiveCfg = Release|Any CPU
		{D731BD63-FB9A-4A7B-8F30-DC84D05C7F5E}.Release|Any CPU.Build.0 = Release|Any CPU
		{735EA127-7713-47D0-81C0-3BA99B1A4CEF}.Debug|Any CPU.ActiveCfg = Debug|Any CPU
		{735EA127-7713-47D0-81C0-3BA99B1A4CEF}.Debug|Any CPU.Build.0 = Debug|Any CPU
		{735EA127-7713-47D0-81C0-3BA99B1A4CEF}.Release|Any CPU.ActiveCfg = Release|Any CPU
		{735EA127-7713-47D0-81C0-3BA99B1A4CEF}.Release|Any CPU.Build.0 = Release|Any CPU
		{F9295AD6-156F-4359-A16D-DBD4AB9D34CD}.Debug|Any CPU.ActiveCfg = Debug|Any CPU
		{F9295AD6-156F-4359-A16D-DBD4AB9D34CD}.Debug|Any CPU.Build.0 = Debug|Any CPU
		{F9295AD6-156F-4359-A16D-DBD4AB9D34CD}.Release|Any CPU.ActiveCfg = Release|Any CPU
		{F9295AD6-156F-4359-A16D-DBD4AB9D34CD}.Release|Any CPU.Build.0 = Release|Any CPU
		{5E0D7B3D-1E91-4F7E-ADA9-B519B78DA6C0}.Debug|Any CPU.ActiveCfg = Debug|Any CPU
		{5E0D7B3D-1E91-4F7E-ADA9-B519B78DA6C0}.Debug|Any CPU.Build.0 = Debug|Any CPU
		{5E0D7B3D-1E91-4F7E-ADA9-B519B78DA6C0}.Release|Any CPU.ActiveCfg = Release|Any CPU
		{5E0D7B3D-1E91-4F7E-ADA9-B519B78DA6C0}.Release|Any CPU.Build.0 = Release|Any CPU
		{1FEA107F-F13B-45C3-BDD8-DFAA752E2892}.Debug|Any CPU.ActiveCfg = Debug|Any CPU
		{1FEA107F-F13B-45C3-BDD8-DFAA752E2892}.Debug|Any CPU.Build.0 = Debug|Any CPU
		{1FEA107F-F13B-45C3-BDD8-DFAA752E2892}.Release|Any CPU.ActiveCfg = Release|Any CPU
		{1FEA107F-F13B-45C3-BDD8-DFAA752E2892}.Release|Any CPU.Build.0 = Release|Any CPU
		{87AACA89-98BE-41F6-91D0-438C729AE752}.Debug|Any CPU.ActiveCfg = Debug|Any CPU
		{87AACA89-98BE-41F6-91D0-438C729AE752}.Debug|Any CPU.Build.0 = Debug|Any CPU
		{87AACA89-98BE-41F6-91D0-438C729AE752}.Release|Any CPU.ActiveCfg = Release|Any CPU
		{87AACA89-98BE-41F6-91D0-438C729AE752}.Release|Any CPU.Build.0 = Release|Any CPU
		{EF2D72C6-5C53-4C14-8A7F-FCB64C800A04}.Debug|Any CPU.ActiveCfg = Debug|Any CPU
		{EF2D72C6-5C53-4C14-8A7F-FCB64C800A04}.Debug|Any CPU.Build.0 = Debug|Any CPU
		{EF2D72C6-5C53-4C14-8A7F-FCB64C800A04}.Release|Any CPU.ActiveCfg = Release|Any CPU
		{EF2D72C6-5C53-4C14-8A7F-FCB64C800A04}.Release|Any CPU.Build.0 = Release|Any CPU
		{2B47A039-EE07-4580-BEEE-409B40B48908}.Debug|Any CPU.ActiveCfg = Debug|Any CPU
		{2B47A039-EE07-4580-BEEE-409B40B48908}.Debug|Any CPU.Build.0 = Debug|Any CPU
		{2B47A039-EE07-4580-BEEE-409B40B48908}.Release|Any CPU.ActiveCfg = Release|Any CPU
		{2B47A039-EE07-4580-BEEE-409B40B48908}.Release|Any CPU.Build.0 = Release|Any CPU
		{F139BBA0-3664-4E53-97DF-1210010907B1}.Debug|Any CPU.ActiveCfg = Debug|Any CPU
		{F139BBA0-3664-4E53-97DF-1210010907B1}.Debug|Any CPU.Build.0 = Debug|Any CPU
		{F139BBA0-3664-4E53-97DF-1210010907B1}.Release|Any CPU.ActiveCfg = Release|Any CPU
		{F139BBA0-3664-4E53-97DF-1210010907B1}.Release|Any CPU.Build.0 = Release|Any CPU
		{1C487AF6-BBDE-4CB8-9A70-F243A87F453F}.Debug|Any CPU.ActiveCfg = Debug|Any CPU
		{1C487AF6-BBDE-4CB8-9A70-F243A87F453F}.Debug|Any CPU.Build.0 = Debug|Any CPU
		{1C487AF6-BBDE-4CB8-9A70-F243A87F453F}.Release|Any CPU.ActiveCfg = Release|Any CPU
		{1C487AF6-BBDE-4CB8-9A70-F243A87F453F}.Release|Any CPU.Build.0 = Release|Any CPU
		{07864FB8-B474-41D3-B045-E7DCE55FEC16}.Debug|Any CPU.ActiveCfg = Debug|Any CPU
		{07864FB8-B474-41D3-B045-E7DCE55FEC16}.Debug|Any CPU.Build.0 = Debug|Any CPU
		{07864FB8-B474-41D3-B045-E7DCE55FEC16}.Release|Any CPU.ActiveCfg = Release|Any CPU
		{07864FB8-B474-41D3-B045-E7DCE55FEC16}.Release|Any CPU.Build.0 = Release|Any CPU
	EndGlobalSection
	GlobalSection(SolutionProperties) = preSolution
		HideSolutionNode = FALSE
	EndGlobalSection
	GlobalSection(NestedProjects) = preSolution
		{637D6D7C-626B-497D-A312-6BC04C489581} = {02EA681E-C7D8-13C7-8484-4AC65E1B71E8}
		{7F4C5B4D-C9E9-404F-BD3C-113A9DDD1E5E} = {E2C27EEB-BE52-4CCF-BDF7-B347533D3572}
		{E6F6DFD0-A596-453A-B3C3-BB1FB7638491} = {E2C27EEB-BE52-4CCF-BDF7-B347533D3572}
		{06DFF8D1-FBE0-4BDE-822F-3E207D6AF238} = {C948F3C7-5A26-4780-888C-122DA644A1B6}
		{D6A174E9-764E-426E-B9FE-31A8C04A5DD2} = {C948F3C7-5A26-4780-888C-122DA644A1B6}
		{B2896D48-B2F1-46A9-9A6F-7D4AA87320D7} = {408B5238-ECD3-4E33-AA66-13EFFE3577CB}
		{CF3B93D1-D96C-4A3B-9212-F03A9D0C8726} = {408B5238-ECD3-4E33-AA66-13EFFE3577CB}
		{97C726AF-3B05-495A-B712-08A5072429A7} = {408B5238-ECD3-4E33-AA66-13EFFE3577CB}
		{E67E14DD-0BE0-4635-B328-04B2E31B9FAE} = {408B5238-ECD3-4E33-AA66-13EFFE3577CB}
		{3105DB76-2B9B-40F8-9B61-EAD4EBBAE673} = {4414E1F8-E947-4620-B685-EBA6E8924FC0}
		{D731BD63-FB9A-4A7B-8F30-DC84D05C7F5E} = {4414E1F8-E947-4620-B685-EBA6E8924FC0}
		{735EA127-7713-47D0-81C0-3BA99B1A4CEF} = {4414E1F8-E947-4620-B685-EBA6E8924FC0}
		{F9295AD6-156F-4359-A16D-DBD4AB9D34CD} = {4414E1F8-E947-4620-B685-EBA6E8924FC0}
		{5E0D7B3D-1E91-4F7E-ADA9-B519B78DA6C0} = {4414E1F8-E947-4620-B685-EBA6E8924FC0}
		{1FEA107F-F13B-45C3-BDD8-DFAA752E2892} = {4414E1F8-E947-4620-B685-EBA6E8924FC0}
		{87AACA89-98BE-41F6-91D0-438C729AE752} = {4414E1F8-E947-4620-B685-EBA6E8924FC0}
		{EF2D72C6-5C53-4C14-8A7F-FCB64C800A04} = {4414E1F8-E947-4620-B685-EBA6E8924FC0}
		{2B47A039-EE07-4580-BEEE-409B40B48908} = {4414E1F8-E947-4620-B685-EBA6E8924FC0}
		{F139BBA0-3664-4E53-97DF-1210010907B1} = {4414E1F8-E947-4620-B685-EBA6E8924FC0}
		{1C487AF6-BBDE-4CB8-9A70-F243A87F453F} = {4414E1F8-E947-4620-B685-EBA6E8924FC0}
		{07864FB8-B474-41D3-B045-E7DCE55FEC16} = {4414E1F8-E947-4620-B685-EBA6E8924FC0}
	EndGlobalSection
	GlobalSection(ExtensibilityGlobals) = postSolution
		SolutionGuid = {D5EDE928-051F-42AE-A860-DFF5773E7E2D}
	EndGlobalSection
EndGlobal
